// !$*UTF8*$!
{
	archiveVersion = 1;
	classes = {
	};
	objectVersion = 50;
	objects = {

/* Begin PBXBuildFile section */
		2A378E3C25D60FE600C69C39 /* LandmarksApp.swift in Sources */ = {isa = PBXBuildFile; fileRef = 2A378E3B25D60FE600C69C39 /* LandmarksApp.swift */; };
		2A378E3E25D60FE600C69C39 /* ContentView.swift in Sources */ = {isa = PBXBuildFile; fileRef = 2A378E3D25D60FE600C69C39 /* ContentView.swift */; };
		2A378E4025D60FE800C69C39 /* Assets.xcassets in Resources */ = {isa = PBXBuildFile; fileRef = 2A378E3F25D60FE800C69C39 /* Assets.xcassets */; };
		2A378E4325D60FE800C69C39 /* Preview Assets.xcassets in Resources */ = {isa = PBXBuildFile; fileRef = 2A378E4225D60FE800C69C39 /* Preview Assets.xcassets */; };
		2A378E4C25D6126700C69C39 /* CircleImage.swift in Sources */ = {isa = PBXBuildFile; fileRef = 2A378E4B25D6126700C69C39 /* CircleImage.swift */; };
		2A378E4F25D6132D00C69C39 /* MapView.swift in Sources */ = {isa = PBXBuildFile; fileRef = 2A378E4E25D6132D00C69C39 /* MapView.swift */; };
		2A378E5225D6197A00C69C39 /* Landmark.swift in Sources */ = {isa = PBXBuildFile; fileRef = 2A378E5125D6197A00C69C39 /* Landmark.swift */; };
		2A378E5725D61BF900C69C39 /* ModelData.swift in Sources */ = {isa = PBXBuildFile; fileRef = 2A378E5625D61BF900C69C39 /* ModelData.swift */; };
		2A378E5E25D61D3300C69C39 /* landmarkData.json in Resources */ = {isa = PBXBuildFile; fileRef = 2A378E5D25D61D3300C69C39 /* landmarkData.json */; };
		2A378E6125D61F3000C69C39 /* LandmarkRow.swift in Sources */ = {isa = PBXBuildFile; fileRef = 2A378E6025D61F3000C69C39 /* LandmarkRow.swift */; };
		2A378E6425D6224000C69C39 /* LandmarkList.swift in Sources */ = {isa = PBXBuildFile; fileRef = 2A378E6325D6224000C69C39 /* LandmarkList.swift */; };
		2A378E6725D6230000C69C39 /* LandmarkDetail.swift in Sources */ = {isa = PBXBuildFile; fileRef = 2A378E6625D6230000C69C39 /* LandmarkDetail.swift */; };
		2A378E6C25D646D200C69C39 /* FavoriteButton.swift in Sources */ = {isa = PBXBuildFile; fileRef = 2A378E6B25D646D200C69C39 /* FavoriteButton.swift */; };
		2A378E7425D6501700C69C39 /* HexagonParameters.swift in Sources */ = {isa = PBXBuildFile; fileRef = 2A378E7325D6501700C69C39 /* HexagonParameters.swift */; };
		2A378E7725D6509E00C69C39 /* BadgeBackground.swift in Sources */ = {isa = PBXBuildFile; fileRef = 2A378E7625D6509E00C69C39 /* BadgeBackground.swift */; };
		2A378E7B25D6545F00C69C39 /* BadgeSymbol.swift in Sources */ = {isa = PBXBuildFile; fileRef = 2A378E7A25D6545F00C69C39 /* BadgeSymbol.swift */; };
/* End PBXBuildFile section */

/* Begin PBXFileReference section */
		2A378E3825D60FE600C69C39 /* Landmarks.app */ = {isa = PBXFileReference; explicitFileType = wrapper.application; includeInIndex = 0; path = Landmarks.app; sourceTree = BUILT_PRODUCTS_DIR; };
		2A378E3B25D60FE600C69C39 /* LandmarksApp.swift */ = {isa = PBXFileReference; lastKnownFileType = sourcecode.swift; path = LandmarksApp.swift; sourceTree = "<group>"; };
		2A378E3D25D60FE600C69C39 /* ContentView.swift */ = {isa = PBXFileReference; lastKnownFileType = sourcecode.swift; path = ContentView.swift; sourceTree = "<group>"; };
		2A378E3F25D60FE800C69C39 /* Assets.xcassets */ = {isa = PBXFileReference; lastKnownFileType = folder.assetcatalog; path = Assets.xcassets; sourceTree = "<group>"; };
		2A378E4225D60FE800C69C39 /* Preview Assets.xcassets */ = {isa = PBXFileReference; lastKnownFileType = folder.assetcatalog; path = "Preview Assets.xcassets"; sourceTree = "<group>"; };
		2A378E4425D60FE800C69C39 /* Info.plist */ = {isa = PBXFileReference; lastKnownFileType = text.plist.xml; path = Info.plist; sourceTree = "<group>"; };
		2A378E4B25D6126700C69C39 /* CircleImage.swift */ = {isa = PBXFileReference; lastKnownFileType = sourcecode.swift; path = CircleImage.swift; sourceTree = "<group>"; };
		2A378E4E25D6132D00C69C39 /* MapView.swift */ = {isa = PBXFileReference; lastKnownFileType = sourcecode.swift; path = MapView.swift; sourceTree = "<group>"; };
		2A378E5125D6197A00C69C39 /* Landmark.swift */ = {isa = PBXFileReference; lastKnownFileType = sourcecode.swift; path = Landmark.swift; sourceTree = "<group>"; };
		2A378E5625D61BF900C69C39 /* ModelData.swift */ = {isa = PBXFileReference; lastKnownFileType = sourcecode.swift; path = ModelData.swift; sourceTree = "<group>"; };
		2A378E5D25D61D3300C69C39 /* landmarkData.json */ = {isa = PBXFileReference; fileEncoding = 4; lastKnownFileType = text.json; path = landmarkData.json; sourceTree = "<group>"; };
		2A378E6025D61F3000C69C39 /* LandmarkRow.swift */ = {isa = PBXFileReference; lastKnownFileType = sourcecode.swift; path = LandmarkRow.swift; sourceTree = "<group>"; };
		2A378E6325D6224000C69C39 /* LandmarkList.swift */ = {isa = PBXFileReference; lastKnownFileType = sourcecode.swift; path = LandmarkList.swift; sourceTree = "<group>"; };
		2A378E6625D6230000C69C39 /* LandmarkDetail.swift */ = {isa = PBXFileReference; lastKnownFileType = sourcecode.swift; path = LandmarkDetail.swift; sourceTree = "<group>"; };
		2A378E6B25D646D200C69C39 /* FavoriteButton.swift */ = {isa = PBXFileReference; lastKnownFileType = sourcecode.swift; path = FavoriteButton.swift; sourceTree = "<group>"; };
		2A378E7325D6501700C69C39 /* HexagonParameters.swift */ = {isa = PBXFileReference; lastKnownFileType = sourcecode.swift; path = HexagonParameters.swift; sourceTree = "<group>"; };
		2A378E7625D6509E00C69C39 /* BadgeBackground.swift */ = {isa = PBXFileReference; lastKnownFileType = sourcecode.swift; path = BadgeBackground.swift; sourceTree = "<group>"; };
		2A378E7A25D6545F00C69C39 /* BadgeSymbol.swift */ = {isa = PBXFileReference; lastKnownFileType = sourcecode.swift; path = BadgeSymbol.swift; sourceTree = "<group>"; };
/* End PBXFileReference section */

/* Begin PBXFrameworksBuildPhase section */
		2A378E3525D60FE600C69C39 /* Frameworks */ = {
			isa = PBXFrameworksBuildPhase;
			buildActionMask = 2147483647;
			files = (
			);
			runOnlyForDeploymentPostprocessing = 0;
		};
/* End PBXFrameworksBuildPhase section */

/* Begin PBXGroup section */
		2A378E2F25D60FE600C69C39 = {
			isa = PBXGroup;
			children = (
				2A378E3A25D60FE600C69C39 /* Landmarks */,
				2A378E3925D60FE600C69C39 /* Products */,
			);
			sourceTree = "<group>";
		};
		2A378E3925D60FE600C69C39 /* Products */ = {
			isa = PBXGroup;
			children = (
				2A378E3825D60FE600C69C39 /* Landmarks.app */,
			);
			name = Products;
			sourceTree = "<group>";
		};
		2A378E3A25D60FE600C69C39 /* Landmarks */ = {
			isa = PBXGroup;
			children = (
				2A378E3B25D60FE600C69C39 /* LandmarksApp.swift */,
				2A378E5C25D61CE800C69C39 /* Resources */,
				2A378E5B25D61CE300C69C39 /* Models */,
				2A378E5A25D61CDE00C69C39 /* Views */,
				2A378E3F25D60FE800C69C39 /* Assets.xcassets */,
				2A378E4425D60FE800C69C39 /* Info.plist */,
				2A378E4125D60FE800C69C39 /* Preview Content */,
			);
			path = Landmarks;
			sourceTree = "<group>";
		};
		2A378E4125D60FE800C69C39 /* Preview Content */ = {
			isa = PBXGroup;
			children = (
				2A378E4225D60FE800C69C39 /* Preview Assets.xcassets */,
			);
			path = "Preview Content";
			sourceTree = "<group>";
		};
		2A378E5A25D61CDE00C69C39 /* Views */ = {
			isa = PBXGroup;
			children = (
				2A378E3D25D60FE600C69C39 /* ContentView.swift */,
				2A378E6E25D6477300C69C39 /* Landmarks */,
				2A378E6F25D6477D00C69C39 /* Helpers */,
				2A378E7925D6542E00C69C39 /* Badge */,
			);
			path = Views;
			sourceTree = "<group>";
		};
		2A378E5B25D61CE300C69C39 /* Models */ = {
			isa = PBXGroup;
			children = (
				2A378E5625D61BF900C69C39 /* ModelData.swift */,
				2A378E5125D6197A00C69C39 /* Landmark.swift */,
			);
			path = Models;
			sourceTree = "<group>";
		};
		2A378E5C25D61CE800C69C39 /* Resources */ = {
			isa = PBXGroup;
			children = (
				2A378E5D25D61D3300C69C39 /* landmarkData.json */,
			);
			path = Resources;
			sourceTree = "<group>";
		};
		2A378E6E25D6477300C69C39 /* Landmarks */ = {
			isa = PBXGroup;
			children = (
				2A378E6325D6224000C69C39 /* LandmarkList.swift */,
				2A378E6025D61F3000C69C39 /* LandmarkRow.swift */,
				2A378E6625D6230000C69C39 /* LandmarkDetail.swift */,
			);
			path = Landmarks;
			sourceTree = "<group>";
		};
		2A378E6F25D6477D00C69C39 /* Helpers */ = {
			isa = PBXGroup;
			children = (
				2A378E4E25D6132D00C69C39 /* MapView.swift */,
				2A378E4B25D6126700C69C39 /* CircleImage.swift */,
				2A378E6B25D646D200C69C39 /* FavoriteButton.swift */,
			);
			path = Helpers;
			sourceTree = "<group>";
		};
		2A378E7925D6542E00C69C39 /* Badge */ = {
			isa = PBXGroup;
			children = (
				2A378E7325D6501700C69C39 /* HexagonParameters.swift */,
				2A378E7625D6509E00C69C39 /* BadgeBackground.swift */,
				2A378E7A25D6545F00C69C39 /* BadgeSymbol.swift */,
			);
			path = Badge;
			sourceTree = "<group>";
		};
/* End PBXGroup section */

/* Begin PBXNativeTarget section */
		2A378E3725D60FE600C69C39 /* Landmarks */ = {
			isa = PBXNativeTarget;
			buildConfigurationList = 2A378E4725D60FE800C69C39 /* Build configuration list for PBXNativeTarget "Landmarks" */;
			buildPhases = (
				2A378E3425D60FE600C69C39 /* Sources */,
				2A378E3525D60FE600C69C39 /* Frameworks */,
				2A378E3625D60FE600C69C39 /* Resources */,
			);
			buildRules = (
			);
			dependencies = (
			);
			name = Landmarks;
			productName = Landmarks;
			productReference = 2A378E3825D60FE600C69C39 /* Landmarks.app */;
			productType = "com.apple.product-type.application";
		};
/* End PBXNativeTarget section */

/* Begin PBXProject section */
		2A378E3025D60FE600C69C39 /* Project object */ = {
			isa = PBXProject;
			attributes = {
				LastSwiftUpdateCheck = 1240;
				LastUpgradeCheck = 1240;
				TargetAttributes = {
					2A378E3725D60FE600C69C39 = {
						CreatedOnToolsVersion = 12.4;
					};
				};
			};
			buildConfigurationList = 2A378E3325D60FE600C69C39 /* Build configuration list for PBXProject "Landmarks" */;
			compatibilityVersion = "Xcode 9.3";
			developmentRegion = en;
			hasScannedForEncodings = 0;
			knownRegions = (
				en,
				Base,
			);
			mainGroup = 2A378E2F25D60FE600C69C39;
			productRefGroup = 2A378E3925D60FE600C69C39 /* Products */;
			projectDirPath = "";
			projectRoot = "";
			targets = (
				2A378E3725D60FE600C69C39 /* Landmarks */,
			);
		};
/* End PBXProject section */

/* Begin PBXResourcesBuildPhase section */
		2A378E3625D60FE600C69C39 /* Resources */ = {
			isa = PBXResourcesBuildPhase;
			buildActionMask = 2147483647;
			files = (
				2A378E4325D60FE800C69C39 /* Preview Assets.xcassets in Resources */,
				2A378E4025D60FE800C69C39 /* Assets.xcassets in Resources */,
				2A378E5E25D61D3300C69C39 /* landmarkData.json in Resources */,
			);
			runOnlyForDeploymentPostprocessing = 0;
		};
/* End PBXResourcesBuildPhase section */

/* Begin PBXSourcesBuildPhase section */
		2A378E3425D60FE600C69C39 /* Sources */ = {
			isa = PBXSourcesBuildPhase;
			buildActionMask = 2147483647;
			files = (
				2A378E3E25D60FE600C69C39 /* ContentView.swift in Sources */,
				2A378E5725D61BF900C69C39 /* ModelData.swift in Sources */,
				2A378E4F25D6132D00C69C39 /* MapView.swift in Sources */,
				2A378E6C25D646D200C69C39 /* FavoriteButton.swift in Sources */,
				2A378E7425D6501700C69C39 /* HexagonParameters.swift in Sources */,
				2A378E7B25D6545F00C69C39 /* BadgeSymbol.swift in Sources */,
				2A378E6425D6224000C69C39 /* LandmarkList.swift in Sources */,
				2A378E6725D6230000C69C39 /* LandmarkDetail.swift in Sources */,
				2A378E7725D6509E00C69C39 /* BadgeBackground.swift in Sources */,
				2A378E3C25D60FE600C69C39 /* LandmarksApp.swift in Sources */,
				2A378E4C25D6126700C69C39 /* CircleImage.swift in Sources */,
				2A378E6125D61F3000C69C39 /* LandmarkRow.swift in Sources */,
				2A378E5225D6197A00C69C39 /* Landmark.swift in Sources */,
			);
			runOnlyForDeploymentPostprocessing = 0;
		};
/* End PBXSourcesBuildPhase section */

/* Begin XCBuildConfiguration section */
		2A378E4525D60FE800C69C39 /* Debug */ = {
			isa = XCBuildConfiguration;
			buildSettings = {
				ALWAYS_SEARCH_USER_PATHS = NO;
				CLANG_ANALYZER_NONNULL = YES;
				CLANG_ANALYZER_NUMBER_OBJECT_CONVERSION = YES_AGGRESSIVE;
				CLANG_CXX_LANGUAGE_STANDARD = "gnu++14";
				CLANG_CXX_LIBRARY = "libc++";
				CLANG_ENABLE_MODULES = YES;
				CLANG_ENABLE_OBJC_ARC = YES;
				CLANG_ENABLE_OBJC_WEAK = YES;
				CLANG_WARN_BLOCK_CAPTURE_AUTORELEASING = YES;
				CLANG_WARN_BOOL_CONVERSION = YES;
				CLANG_WARN_COMMA = YES;
				CLANG_WARN_CONSTANT_CONVERSION = YES;
				CLANG_WARN_DEPRECATED_OBJC_IMPLEMENTATIONS = YES;
				CLANG_WARN_DIRECT_OBJC_ISA_USAGE = YES_ERROR;
				CLANG_WARN_DOCUMENTATION_COMMENTS = YES;
				CLANG_WARN_EMPTY_BODY = YES;
				CLANG_WARN_ENUM_CONVERSION = YES;
				CLANG_WARN_INFINITE_RECURSION = YES;
				CLANG_WARN_INT_CONVERSION = YES;
				CLANG_WARN_NON_LITERAL_NULL_CONVERSION = YES;
				CLANG_WARN_OBJC_IMPLICIT_RETAIN_SELF = YES;
				CLANG_WARN_OBJC_LITERAL_CONVERSION = YES;
				CLANG_WARN_OBJC_ROOT_CLASS = YES_ERROR;
				CLANG_WARN_QUOTED_INCLUDE_IN_FRAMEWORK_HEADER = YES;
				CLANG_WARN_RANGE_LOOP_ANALYSIS = YES;
				CLANG_WARN_STRICT_PROTOTYPES = YES;
				CLANG_WARN_SUSPICIOUS_MOVE = YES;
				CLANG_WARN_UNGUARDED_AVAILABILITY = YES_AGGRESSIVE;
				CLANG_WARN_UNREACHABLE_CODE = YES;
				CLANG_WARN__DUPLICATE_METHOD_MATCH = YES;
				COPY_PHASE_STRIP = NO;
				DEBUG_INFORMATION_FORMAT = dwarf;
				ENABLE_STRICT_OBJC_MSGSEND = YES;
				ENABLE_TESTABILITY = YES;
				GCC_C_LANGUAGE_STANDARD = gnu11;
				GCC_DYNAMIC_NO_PIC = NO;
				GCC_NO_COMMON_BLOCKS = YES;
				GCC_OPTIMIZATION_LEVEL = 0;
				GCC_PREPROCESSOR_DEFINITIONS = (
					"DEBUG=1",
					"$(inherited)",
				);
				GCC_WARN_64_TO_32_BIT_CONVERSION = YES;
				GCC_WARN_ABOUT_RETURN_TYPE = YES_ERROR;
				GCC_WARN_UNDECLARED_SELECTOR = YES;
				GCC_WARN_UNINITIALIZED_AUTOS = YES_AGGRESSIVE;
				GCC_WARN_UNUSED_FUNCTION = YES;
				GCC_WARN_UNUSED_VARIABLE = YES;
				IPHONEOS_DEPLOYMENT_TARGET = 14.4;
				MTL_ENABLE_DEBUG_INFO = INCLUDE_SOURCE;
				MTL_FAST_MATH = YES;
				ONLY_ACTIVE_ARCH = YES;
				SDKROOT = iphoneos;
				SWIFT_ACTIVE_COMPILATION_CONDITIONS = DEBUG;
				SWIFT_OPTIMIZATION_LEVEL = "-Onone";
			};
			name = Debug;
		};
		2A378E4625D60FE800C69C39 /* Release */ = {
			isa = XCBuildConfiguration;
			buildSettings = {
				ALWAYS_SEARCH_USER_PATHS = NO;
				CLANG_ANALYZER_NONNULL = YES;
				CLANG_ANALYZER_NUMBER_OBJECT_CONVERSION = YES_AGGRESSIVE;
				CLANG_CXX_LANGUAGE_STANDARD = "gnu++14";
				CLANG_CXX_LIBRARY = "libc++";
				CLANG_ENABLE_MODULES = YES;
				CLANG_ENABLE_OBJC_ARC = YES;
				CLANG_ENABLE_OBJC_WEAK = YES;
				CLANG_WARN_BLOCK_CAPTURE_AUTORELEASING = YES;
				CLANG_WARN_BOOL_CONVERSION = YES;
				CLANG_WARN_COMMA = YES;
				CLANG_WARN_CONSTANT_CONVERSION = YES;
				CLANG_WARN_DEPRECATED_OBJC_IMPLEMENTATIONS = YES;
				CLANG_WARN_DIRECT_OBJC_ISA_USAGE = YES_ERROR;
				CLANG_WARN_DOCUMENTATION_COMMENTS = YES;
				CLANG_WARN_EMPTY_BODY = YES;
				CLANG_WARN_ENUM_CONVERSION = YES;
				CLANG_WARN_INFINITE_RECURSION = YES;
				CLANG_WARN_INT_CONVERSION = YES;
				CLANG_WARN_NON_LITERAL_NULL_CONVERSION = YES;
				CLANG_WARN_OBJC_IMPLICIT_RETAIN_SELF = YES;
				CLANG_WARN_OBJC_LITERAL_CONVERSION = YES;
				CLANG_WARN_OBJC_ROOT_CLASS = YES_ERROR;
				CLANG_WARN_QUOTED_INCLUDE_IN_FRAMEWORK_HEADER = YES;
				CLANG_WARN_RANGE_LOOP_ANALYSIS = YES;
				CLANG_WARN_STRICT_PROTOTYPES = YES;
				CLANG_WARN_SUSPICIOUS_MOVE = YES;
				CLANG_WARN_UNGUARDED_AVAILABILITY = YES_AGGRESSIVE;
				CLANG_WARN_UNREACHABLE_CODE = YES;
				CLANG_WARN__DUPLICATE_METHOD_MATCH = YES;
				COPY_PHASE_STRIP = NO;
				DEBUG_INFORMATION_FORMAT = "dwarf-with-dsym";
				ENABLE_NS_ASSERTIONS = NO;
				ENABLE_STRICT_OBJC_MSGSEND = YES;
				GCC_C_LANGUAGE_STANDARD = gnu11;
				GCC_NO_COMMON_BLOCKS = YES;
				GCC_WARN_64_TO_32_BIT_CONVERSION = YES;
				GCC_WARN_ABOUT_RETURN_TYPE = YES_ERROR;
				GCC_WARN_UNDECLARED_SELECTOR = YES;
				GCC_WARN_UNINITIALIZED_AUTOS = YES_AGGRESSIVE;
				GCC_WARN_UNUSED_FUNCTION = YES;
				GCC_WARN_UNUSED_VARIABLE = YES;
				IPHONEOS_DEPLOYMENT_TARGET = 14.4;
				MTL_ENABLE_DEBUG_INFO = NO;
				MTL_FAST_MATH = YES;
				SDKROOT = iphoneos;
				SWIFT_COMPILATION_MODE = wholemodule;
				SWIFT_OPTIMIZATION_LEVEL = "-O";
				VALIDATE_PRODUCT = YES;
			};
			name = Release;
		};
		2A378E4825D60FE800C69C39 /* Debug */ = {
			isa = XCBuildConfiguration;
			buildSettings = {
				ASSETCATALOG_COMPILER_APPICON_NAME = AppIcon;
				ASSETCATALOG_COMPILER_GLOBAL_ACCENT_COLOR_NAME = AccentColor;
				CODE_SIGN_STYLE = Automatic;
				DEVELOPMENT_ASSET_PATHS = "\"Landmarks/Preview Content\"";
				DEVELOPMENT_TEAM = CYWJ8XR6PA;
				ENABLE_PREVIEWS = YES;
				INFOPLIST_FILE = Landmarks/Info.plist;
				IPHONEOS_DEPLOYMENT_TARGET = 14.0;
				LD_RUNPATH_SEARCH_PATHS = (
					"$(inherited)",
					"@executable_path/Frameworks",
				);
				PRODUCT_BUNDLE_IDENTIFIER = skk.com.Landmarks;
				PRODUCT_NAME = "$(TARGET_NAME)";
				SWIFT_VERSION = 5.0;
				TARGETED_DEVICE_FAMILY = "1,2";
			};
			name = Debug;
		};
		2A378E4925D60FE800C69C39 /* Release */ = {
			isa = XCBuildConfiguration;
			buildSettings = {
				ASSETCATALOG_COMPILER_APPICON_NAME = AppIcon;
				ASSETCATALOG_COMPILER_GLOBAL_ACCENT_COLOR_NAME = AccentColor;
				CODE_SIGN_STYLE = Automatic;
				DEVELOPMENT_ASSET_PATHS = "\"Landmarks/Preview Content\"";
				DEVELOPMENT_TEAM = CYWJ8XR6PA;
				ENABLE_PREVIEWS = YES;
				INFOPLIST_FILE = Landmarks/Info.plist;
				IPHONEOS_DEPLOYMENT_TARGET = 14.0;
				LD_RUNPATH_SEARCH_PATHS = (
					"$(inherited)",
					"@executable_path/Frameworks",
				);
				PRODUCT_BUNDLE_IDENTIFIER = skk.com.Landmarks;
				PRODUCT_NAME = "$(TARGET_NAME)";
				SWIFT_VERSION = 5.0;
				TARGETED_DEVICE_FAMILY = "1,2";
			};
			name = Release;
		};
/* End XCBuildConfiguration section */

/* Begin XCConfigurationList section */
		2A378E3325D60FE600C69C39 /* Build configuration list for PBXProject "Landmarks" */ = {
			isa = XCConfigurationList;
			buildConfigurations = (
				2A378E4525D60FE800C69C39 /* Debug */,
				2A378E4625D60FE800C69C39 /* Release */,
			);
			defaultConfigurationIsVisible = 0;
			defaultConfigurationName = Release;
		};
		2A378E4725D60FE800C69C39 /* Build configuration list for PBXNativeTarget "Landmarks" */ = {
			isa = XCConfigurationList;
			buildConfigurations = (
				2A378E4825D60FE800C69C39 /* Debug */,
				2A378E4925D60FE800C69C39 /* Release */,
			);
			defaultConfigurationIsVisible = 0;
			defaultConfigurationName = Release;
		};
/* End XCConfigurationList section */
	};
	rootObject = 2A378E3025D60FE600C69C39 /* Project object */;
}
